
Microsoft Visual Studio Solution File, Format Version 12.00
# Visual Studio Version 17
VisualStudioVersion = 17.9.34622.214
MinimumVisualStudioVersion = 10.0.40219.1
Project("{FAE04EC0-301F-11D3-BF4B-00C04F79EFBC}") = "DbAspProjectExampleImproved", "DbAspProjectExampleImproved\DbAspProjectExampleImproved.csproj", "{396F9D5D-E345-4E77-A689-FE2AE3AC5AA9}"
EndProject
Global
	GlobalSection(SolutionConfigurationPlatforms) = preSolution
		Debug|Any CPU = Debug|Any CPU
		Release|Any CPU = Release|Any CPU
	EndGlobalSection
	GlobalSection(ProjectConfigurationPlatforms) = postSolution
		{396F9D5D-E345-4E77-A689-FE2AE3AC5AA9}.Debug|Any CPU.ActiveCfg = Debug|Any CPU
		{396F9D5D-E345-4E77-A689-FE2AE3AC5AA9}.Debug|Any CPU.Build.0 = Debug|Any CPU
		{396F9D5D-E345-4E77-A689-FE2AE3AC5AA9}.Release|Any CPU.ActiveCfg = Release|Any CPU
		{396F9D5D-E345-4E77-A689-FE2AE3AC5AA9}.Release|Any CPU.Build.0 = Release|Any CPU
	EndGlobalSection
	GlobalSection(SolutionProperties) = preSolution
		HideSolutionNode = FALSE
	EndGlobalSection
	GlobalSection(ExtensibilityGlobals) = postSolution
		SolutionGuid = {C397CC9C-DD87-408D-B878-5BF92BD28B29}
	EndGlobalSection
EndGlobal
